
Microsoft Visual Studio Solution File, Format Version 12.00
# Visual Studio 2013
VisualStudioVersion = 12.0.21005.1
MinimumVisualStudioVersion = 10.0.40219.1
Project("{FAE04EC0-301F-11D3-BF4B-00C04F79EFBC}") = "BowlingGameKataCSharp", "BowlingGameKataCSharp\BowlingGameKataCSharp.csproj", "{EE9884CC-7D85-41F3-A4A4-F2C407AE3F7D}"
EndProject
Project("{FAE04EC0-301F-11D3-BF4B-00C04F79EFBC}") = "BowlingGameKataCSharpTests", "BowlingGameKataCSharpTests\BowlingGameKataCSharpTests.csproj", "{9BAF8C6C-12F6-4031-BF97-D3E4C1D5731C}"
EndProject
Global
	GlobalSection(SolutionConfigurationPlatforms) = preSolution
		Debug|Any CPU = Debug|Any CPU
		Release|Any CPU = Release|Any CPU
	EndGlobalSection
	GlobalSection(ProjectConfigurationPlatforms) = postSolution
		{EE9884CC-7D85-41F3-A4A4-F2C407AE3F7D}.Debug|Any CPU.ActiveCfg = Debug|Any CPU
		{EE9884CC-7D85-41F3-A4A4-F2C407AE3F7D}.Debug|Any CPU.Build.0 = Debug|Any CPU
		{EE9884CC-7D85-41F3-A4A4-F2C407AE3F7D}.Release|Any CPU.ActiveCfg = Release|Any CPU
		{EE9884CC-7D85-41F3-A4A4-F2C407AE3F7D}.Release|Any CPU.Build.0 = Release|Any CPU
		{9BAF8C6C-12F6-4031-BF97-D3E4C1D5731C}.Debug|Any CPU.ActiveCfg = Debug|Any CPU
		{9BAF8C6C-12F6-4031-BF97-D3E4C1D5731C}.Debug|Any CPU.Build.0 = Debug|Any CPU
		{9BAF8C6C-12F6-4031-BF97-D3E4C1D5731C}.Release|Any CPU.ActiveCfg = Release|Any CPU
		{9BAF8C6C-12F6-4031-BF97-D3E4C1D5731C}.Release|Any CPU.Build.0 = Release|Any CPU
	EndGlobalSection
	GlobalSection(SolutionProperties) = preSolution
		HideSolutionNode = FALSE
	EndGlobalSection
EndGlobal
