
Microsoft Visual Studio Solution File, Format Version 12.00
# Visual Studio 2013
VisualStudioVersion = 12.0.21005.1
MinimumVisualStudioVersion = 10.0.40219.1
Project("{FAE04EC0-301F-11D3-BF4B-00C04F79EFBC}") = "VideoStoreKata", "VideoStoreKata\VideoStoreKata.csproj", "{4BF565B5-10F1-411F-875E-319B443A0AA5}"
EndProject
Project("{FAE04EC0-301F-11D3-BF4B-00C04F79EFBC}") = "VideoStoreKataTests", "VideoStoreKataTests\VideoStoreKataTests.csproj", "{E0E61DD6-4C4D-4F3D-A9C1-C9DDDD231A14}"
EndProject
Project("{2150E333-8FDC-42A3-9474-1A3956D46DE8}") = ".nuget", ".nuget", "{D2E0421B-5379-4A3A-834C-393CB7D29041}"
	ProjectSection(SolutionItems) = preProject
		.nuget\packages.config = .nuget\packages.config
	EndProjectSection
EndProject
Global
	GlobalSection(SolutionConfigurationPlatforms) = preSolution
		Debug|Any CPU = Debug|Any CPU
		Release|Any CPU = Release|Any CPU
	EndGlobalSection
	GlobalSection(ProjectConfigurationPlatforms) = postSolution
		{4BF565B5-10F1-411F-875E-319B443A0AA5}.Debug|Any CPU.ActiveCfg = Debug|Any CPU
		{4BF565B5-10F1-411F-875E-319B443A0AA5}.Debug|Any CPU.Build.0 = Debug|Any CPU
		{4BF565B5-10F1-411F-875E-319B443A0AA5}.Release|Any CPU.ActiveCfg = Release|Any CPU
		{4BF565B5-10F1-411F-875E-319B443A0AA5}.Release|Any CPU.Build.0 = Release|Any CPU
		{E0E61DD6-4C4D-4F3D-A9C1-C9DDDD231A14}.Debug|Any CPU.ActiveCfg = Debug|Any CPU
		{E0E61DD6-4C4D-4F3D-A9C1-C9DDDD231A14}.Debug|Any CPU.Build.0 = Debug|Any CPU
		{E0E61DD6-4C4D-4F3D-A9C1-C9DDDD231A14}.Release|Any CPU.ActiveCfg = Release|Any CPU
		{E0E61DD6-4C4D-4F3D-A9C1-C9DDDD231A14}.Release|Any CPU.Build.0 = Release|Any CPU
	EndGlobalSection
	GlobalSection(SolutionProperties) = preSolution
		HideSolutionNode = FALSE
	EndGlobalSection
EndGlobal
